
Microsoft Visual Studio Solution File, Format Version 12.00
# Visual Studio Version 17
VisualStudioVersion = 17.1.32319.34
MinimumVisualStudioVersion = 10.0.40219.1
Project("{9A19103F-16F7-4668-BE54-9A1E7A4F7556}") = "ENSEK", "ENSEK.csproj", "{084240AE-E2BD-4A43-B4DF-5302EB53D6BA}"
EndProject
Project("{FAE04EC0-301F-11D3-BF4B-00C04F79EFBC}") = "EnsekApp", "..\EnsekApp\EnsekApp.csproj", "{793FF2BD-CF89-4DDA-8C2E-C25BEE5860D7}"
EndProject
Global
	GlobalSection(SolutionConfigurationPlatforms) = preSolution
		Debug|Any CPU = Debug|Any CPU
		Release|Any CPU = Release|Any CPU
	EndGlobalSection
	GlobalSection(ProjectConfigurationPlatforms) = postSolution
		{084240AE-E2BD-4A43-B4DF-5302EB53D6BA}.Debug|Any CPU.ActiveCfg = Debug|Any CPU
		{084240AE-E2BD-4A43-B4DF-5302EB53D6BA}.Debug|Any CPU.Build.0 = Debug|Any CPU
		{084240AE-E2BD-4A43-B4DF-5302EB53D6BA}.Release|Any CPU.ActiveCfg = Release|Any CPU
		{084240AE-E2BD-4A43-B4DF-5302EB53D6BA}.Release|Any CPU.Build.0 = Release|Any CPU
		{793FF2BD-CF89-4DDA-8C2E-C25BEE5860D7}.Debug|Any CPU.ActiveCfg = Debug|Any CPU
		{793FF2BD-CF89-4DDA-8C2E-C25BEE5860D7}.Debug|Any CPU.Build.0 = Debug|Any CPU
		{793FF2BD-CF89-4DDA-8C2E-C25BEE5860D7}.Release|Any CPU.ActiveCfg = Release|Any CPU
		{793FF2BD-CF89-4DDA-8C2E-C25BEE5860D7}.Release|Any CPU.Build.0 = Release|Any CPU
	EndGlobalSection
	GlobalSection(SolutionProperties) = preSolution
		HideSolutionNode = FALSE
	EndGlobalSection
	GlobalSection(ExtensibilityGlobals) = postSolution
		SolutionGuid = {1104ABB2-13B4-4639-A7A6-A8A87279E8E4}
	EndGlobalSection
EndGlobal
